// !$*UTF8*$!
{
	archiveVersion = 1;
	classes = {
	};
	objectVersion = 55;
	objects = {

/* Begin PBXBuildFile section */
		8F0881AF28B2771700734DCC /* anagram_solver_iosApp.swift in Sources */ = {isa = PBXBuildFile; fileRef = 8F0881AE28B2771700734DCC /* anagram_solver_iosApp.swift */; };
		8F0881B128B2771700734DCC /* ContentView.swift in Sources */ = {isa = PBXBuildFile; fileRef = 8F0881B028B2771700734DCC /* ContentView.swift */; };
		8F0881B328B2771A00734DCC /* Assets.xcassets in Resources */ = {isa = PBXBuildFile; fileRef = 8F0881B228B2771A00734DCC /* Assets.xcassets */; };
		8F0881B628B2771A00734DCC /* Preview Assets.xcassets in Resources */ = {isa = PBXBuildFile; fileRef = 8F0881B528B2771A00734DCC /* Preview Assets.xcassets */; };
		8F0881C028B2771A00734DCC /* anagram_solver_iosTests.swift in Sources */ = {isa = PBXBuildFile; fileRef = 8F0881BF28B2771A00734DCC /* anagram_solver_iosTests.swift */; };
		8F0881CA28B2771A00734DCC /* anagram_solver_iosUITests.swift in Sources */ = {isa = PBXBuildFile; fileRef = 8F0881C928B2771A00734DCC /* anagram_solver_iosUITests.swift */; };
		8F0881CC28B2771A00734DCC /* anagram_solver_iosUITestsLaunchTests.swift in Sources */ = {isa = PBXBuildFile; fileRef = 8F0881CB28B2771A00734DCC /* anagram_solver_iosUITestsLaunchTests.swift */; };
		8F14ACED28B92400002BB6EE /* ContentView-ViewModel.swift in Sources */ = {isa = PBXBuildFile; fileRef = 8F14ACEC28B92400002BB6EE /* ContentView-ViewModel.swift */; };
		8FE5E62A28EB234700ACF084 /* dictionary.txt in Resources */ = {isa = PBXBuildFile; fileRef = 8FE5E62928EB234700ACF084 /* dictionary.txt */; };
/* End PBXBuildFile section */

/* Begin PBXContainerItemProxy section */
		8F0881BC28B2771A00734DCC /* PBXContainerItemProxy */ = {
			isa = PBXContainerItemProxy;
			containerPortal = 8F0881A328B2771700734DCC /* Project object */;
			proxyType = 1;
			remoteGlobalIDString = 8F0881AA28B2771700734DCC;
			remoteInfo = "anagram-solver-ios";
		};
		8F0881C628B2771A00734DCC /* PBXContainerItemProxy */ = {
			isa = PBXContainerItemProxy;
			containerPortal = 8F0881A328B2771700734DCC /* Project object */;
			proxyType = 1;
			remoteGlobalIDString = 8F0881AA28B2771700734DCC;
			remoteInfo = "anagram-solver-ios";
		};
/* End PBXContainerItemProxy section */

/* Begin PBXFileReference section */
		8F0881AB28B2771700734DCC /* anagram-solver-ios.app */ = {isa = PBXFileReference; explicitFileType = wrapper.application; includeInIndex = 0; path = "anagram-solver-ios.app"; sourceTree = BUILT_PRODUCTS_DIR; };
		8F0881AE28B2771700734DCC /* anagram_solver_iosApp.swift */ = {isa = PBXFileReference; lastKnownFileType = sourcecode.swift; path = anagram_solver_iosApp.swift; sourceTree = "<group>"; };
		8F0881B028B2771700734DCC /* ContentView.swift */ = {isa = PBXFileReference; lastKnownFileType = sourcecode.swift; path = ContentView.swift; sourceTree = "<group>"; };
		8F0881B228B2771A00734DCC /* Assets.xcassets */ = {isa = PBXFileReference; lastKnownFileType = folder.assetcatalog; path = Assets.xcassets; sourceTree = "<group>"; };
		8F0881B528B2771A00734DCC /* Preview Assets.xcassets */ = {isa = PBXFileReference; lastKnownFileType = folder.assetcatalog; path = "Preview Assets.xcassets"; sourceTree = "<group>"; };
		8F0881BB28B2771A00734DCC /* anagram-solver-iosTests.xctest */ = {isa = PBXFileReference; explicitFileType = wrapper.cfbundle; includeInIndex = 0; path = "anagram-solver-iosTests.xctest"; sourceTree = BUILT_PRODUCTS_DIR; };
		8F0881BF28B2771A00734DCC /* anagram_solver_iosTests.swift */ = {isa = PBXFileReference; lastKnownFileType = sourcecode.swift; path = anagram_solver_iosTests.swift; sourceTree = "<group>"; };
		8F0881C528B2771A00734DCC /* anagram-solver-iosUITests.xctest */ = {isa = PBXFileReference; explicitFileType = wrapper.cfbundle; includeInIndex = 0; path = "anagram-solver-iosUITests.xctest"; sourceTree = BUILT_PRODUCTS_DIR; };
		8F0881C928B2771A00734DCC /* anagram_solver_iosUITests.swift */ = {isa = PBXFileReference; lastKnownFileType = sourcecode.swift; path = anagram_solver_iosUITests.swift; sourceTree = "<group>"; };
		8F0881CB28B2771A00734DCC /* anagram_solver_iosUITestsLaunchTests.swift */ = {isa = PBXFileReference; lastKnownFileType = sourcecode.swift; path = anagram_solver_iosUITestsLaunchTests.swift; sourceTree = "<group>"; };
		8F14ACEC28B92400002BB6EE /* ContentView-ViewModel.swift */ = {isa = PBXFileReference; lastKnownFileType = sourcecode.swift; path = "ContentView-ViewModel.swift"; sourceTree = "<group>"; };
		8FE5E62928EB234700ACF084 /* dictionary.txt */ = {isa = PBXFileReference; fileEncoding = 4; lastKnownFileType = text; path = dictionary.txt; sourceTree = "<group>"; };
/* End PBXFileReference section */

/* Begin PBXFrameworksBuildPhase section */
		8F0881A828B2771700734DCC /* Frameworks */ = {
			isa = PBXFrameworksBuildPhase;
			buildActionMask = 2147483647;
			files = (
			);
			runOnlyForDeploymentPostprocessing = 0;
		};
		8F0881B828B2771A00734DCC /* Frameworks */ = {
			isa = PBXFrameworksBuildPhase;
			buildActionMask = 2147483647;
			files = (
			);
			runOnlyForDeploymentPostprocessing = 0;
		};
		8F0881C228B2771A00734DCC /* Frameworks */ = {
			isa = PBXFrameworksBuildPhase;
			buildActionMask = 2147483647;
			files = (
			);
			runOnlyForDeploymentPostprocessing = 0;
		};
/* End PBXFrameworksBuildPhase section */

/* Begin PBXGroup section */
		8F0881A228B2771700734DCC = {
			isa = PBXGroup;
			children = (
				8F0881AD28B2771700734DCC /* anagram-solver-ios */,
				8F0881BE28B2771A00734DCC /* anagram-solver-iosTests */,
				8F0881C828B2771A00734DCC /* anagram-solver-iosUITests */,
				8F0881AC28B2771700734DCC /* Products */,
			);
			sourceTree = "<group>";
		};
		8F0881AC28B2771700734DCC /* Products */ = {
			isa = PBXGroup;
			children = (
				8F0881AB28B2771700734DCC /* anagram-solver-ios.app */,
				8F0881BB28B2771A00734DCC /* anagram-solver-iosTests.xctest */,
				8F0881C528B2771A00734DCC /* anagram-solver-iosUITests.xctest */,
			);
			name = Products;
			sourceTree = "<group>";
		};
		8F0881AD28B2771700734DCC /* anagram-solver-ios */ = {
			isa = PBXGroup;
			children = (
				8FE5E62928EB234700ACF084 /* dictionary.txt */,
				8F0881AE28B2771700734DCC /* anagram_solver_iosApp.swift */,
				8F0881B028B2771700734DCC /* ContentView.swift */,
				8F14ACEC28B92400002BB6EE /* ContentView-ViewModel.swift */,
				8F0881B228B2771A00734DCC /* Assets.xcassets */,
				8F0881B428B2771A00734DCC /* Preview Content */,
			);
			path = "anagram-solver-ios";
			sourceTree = "<group>";
		};
		8F0881B428B2771A00734DCC /* Preview Content */ = {
			isa = PBXGroup;
			children = (
				8F0881B528B2771A00734DCC /* Preview Assets.xcassets */,
			);
			path = "Preview Content";
			sourceTree = "<group>";
		};
		8F0881BE28B2771A00734DCC /* anagram-solver-iosTests */ = {
			isa = PBXGroup;
			children = (
				8F0881BF28B2771A00734DCC /* anagram_solver_iosTests.swift */,
			);
			path = "anagram-solver-iosTests";
			sourceTree = "<group>";
		};
		8F0881C828B2771A00734DCC /* anagram-solver-iosUITests */ = {
			isa = PBXGroup;
			children = (
				8F0881C928B2771A00734DCC /* anagram_solver_iosUITests.swift */,
				8F0881CB28B2771A00734DCC /* anagram_solver_iosUITestsLaunchTests.swift */,
			);
			path = "anagram-solver-iosUITests";
			sourceTree = "<group>";
		};
/* End PBXGroup section */

/* Begin PBXNativeTarget section */
		8F0881AA28B2771700734DCC /* anagram-solver-ios */ = {
			isa = PBXNativeTarget;
			buildConfigurationList = 8F0881CF28B2771A00734DCC /* Build configuration list for PBXNativeTarget "anagram-solver-ios" */;
			buildPhases = (
				8F0881A728B2771700734DCC /* Sources */,
				8F0881A828B2771700734DCC /* Frameworks */,
				8F0881A928B2771700734DCC /* Resources */,
			);
			buildRules = (
			);
			dependencies = (
			);
			name = "anagram-solver-ios";
			productName = "anagram-solver-ios";
			productReference = 8F0881AB28B2771700734DCC /* anagram-solver-ios.app */;
			productType = "com.apple.product-type.application";
		};
		8F0881BA28B2771A00734DCC /* anagram-solver-iosTests */ = {
			isa = PBXNativeTarget;
			buildConfigurationList = 8F0881D228B2771A00734DCC /* Build configuration list for PBXNativeTarget "anagram-solver-iosTests" */;
			buildPhases = (
				8F0881B728B2771A00734DCC /* Sources */,
				8F0881B828B2771A00734DCC /* Frameworks */,
				8F0881B928B2771A00734DCC /* Resources */,
			);
			buildRules = (
			);
			dependencies = (
				8F0881BD28B2771A00734DCC /* PBXTargetDependency */,
			);
			name = "anagram-solver-iosTests";
			productName = "anagram-solver-iosTests";
			productReference = 8F0881BB28B2771A00734DCC /* anagram-solver-iosTests.xctest */;
			productType = "com.apple.product-type.bundle.unit-test";
		};
		8F0881C428B2771A00734DCC /* anagram-solver-iosUITests */ = {
			isa = PBXNativeTarget;
			buildConfigurationList = 8F0881D528B2771A00734DCC /* Build configuration list for PBXNativeTarget "anagram-solver-iosUITests" */;
			buildPhases = (
				8F0881C128B2771A00734DCC /* Sources */,
				8F0881C228B2771A00734DCC /* Frameworks */,
				8F0881C328B2771A00734DCC /* Resources */,
			);
			buildRules = (
			);
			dependencies = (
				8F0881C728B2771A00734DCC /* PBXTargetDependency */,
			);
			name = "anagram-solver-iosUITests";
			productName = "anagram-solver-iosUITests";
			productReference = 8F0881C528B2771A00734DCC /* anagram-solver-iosUITests.xctest */;
			productType = "com.apple.product-type.bundle.ui-testing";
		};
/* End PBXNativeTarget section */

/* Begin PBXProject section */
		8F0881A328B2771700734DCC /* Project object */ = {
			isa = PBXProject;
			attributes = {
				BuildIndependentTargetsInParallel = 1;
				LastSwiftUpdateCheck = 1340;
				LastUpgradeCheck = 1340;
				TargetAttributes = {
					8F0881AA28B2771700734DCC = {
						CreatedOnToolsVersion = 13.4.1;
					};
					8F0881BA28B2771A00734DCC = {
						CreatedOnToolsVersion = 13.4.1;
						TestTargetID = 8F0881AA28B2771700734DCC;
					};
					8F0881C428B2771A00734DCC = {
						CreatedOnToolsVersion = 13.4.1;
						TestTargetID = 8F0881AA28B2771700734DCC;
					};
				};
			};
			buildConfigurationList = 8F0881A628B2771700734DCC /* Build configuration list for PBXProject "anagram-solver-ios" */;
			compatibilityVersion = "Xcode 13.0";
			developmentRegion = en;
			hasScannedForEncodings = 0;
			knownRegions = (
				en,
				Base,
			);
			mainGroup = 8F0881A228B2771700734DCC;
			productRefGroup = 8F0881AC28B2771700734DCC /* Products */;
			projectDirPath = "";
			projectRoot = "";
			targets = (
				8F0881AA28B2771700734DCC /* anagram-solver-ios */,
				8F0881BA28B2771A00734DCC /* anagram-solver-iosTests */,
				8F0881C428B2771A00734DCC /* anagram-solver-iosUITests */,
			);
		};
/* End PBXProject section */

/* Begin PBXResourcesBuildPhase section */
		8F0881A928B2771700734DCC /* Resources */ = {
			isa = PBXResourcesBuildPhase;
			buildActionMask = 2147483647;
			files = (
				8FE5E62A28EB234700ACF084 /* dictionary.txt in Resources */,
				8F0881B628B2771A00734DCC /* Preview Assets.xcassets in Resources */,
				8F0881B328B2771A00734DCC /* Assets.xcassets in Resources */,
			);
			runOnlyForDeploymentPostprocessing = 0;
		};
		8F0881B928B2771A00734DCC /* Resources */ = {
			isa = PBXResourcesBuildPhase;
			buildActionMask = 2147483647;
			files = (
			);
			runOnlyForDeploymentPostprocessing = 0;
		};
		8F0881C328B2771A00734DCC /* Resources */ = {
			isa = PBXResourcesBuildPhase;
			buildActionMask = 2147483647;
			files = (
			);
			runOnlyForDeploymentPostprocessing = 0;
		};
/* End PBXResourcesBuildPhase section */

/* Begin PBXSourcesBuildPhase section */
		8F0881A728B2771700734DCC /* Sources */ = {
			isa = PBXSourcesBuildPhase;
			buildActionMask = 2147483647;
			files = (
				8F0881B128B2771700734DCC /* ContentView.swift in Sources */,
				8F14ACED28B92400002BB6EE /* ContentView-ViewModel.swift in Sources */,
				8F0881AF28B2771700734DCC /* anagram_solver_iosApp.swift in Sources */,
			);
			runOnlyForDeploymentPostprocessing = 0;
		};
		8F0881B728B2771A00734DCC /* Sources */ = {
			isa = PBXSourcesBuildPhase;
			buildActionMask = 2147483647;
			files = (
				8F0881C028B2771A00734DCC /* anagram_solver_iosTests.swift in Sources */,
			);
			runOnlyForDeploymentPostprocessing = 0;
		};
		8F0881C128B2771A00734DCC /* Sources */ = {
			isa = PBXSourcesBuildPhase;
			buildActionMask = 2147483647;
			files = (
				8F0881CA28B2771A00734DCC /* anagram_solver_iosUITests.swift in Sources */,
				8F0881CC28B2771A00734DCC /* anagram_solver_iosUITestsLaunchTests.swift in Sources */,
			);
			runOnlyForDeploymentPostprocessing = 0;
		};
/* End PBXSourcesBuildPhase section */

/* Begin PBXTargetDependency section */
		8F0881BD28B2771A00734DCC /* PBXTargetDependency */ = {
			isa = PBXTargetDependency;
			target = 8F0881AA28B2771700734DCC /* anagram-solver-ios */;
			targetProxy = 8F0881BC28B2771A00734DCC /* PBXContainerItemProxy */;
		};
		8F0881C728B2771A00734DCC /* PBXTargetDependency */ = {
			isa = PBXTargetDependency;
			target = 8F0881AA28B2771700734DCC /* anagram-solver-ios */;
			targetProxy = 8F0881C628B2771A00734DCC /* PBXContainerItemProxy */;
		};
/* End PBXTargetDependency section */

/* Begin XCBuildConfiguration section */
		8F0881CD28B2771A00734DCC /* Debug */ = {
			isa = XCBuildConfiguration;
			buildSettings = {
				ALWAYS_SEARCH_USER_PATHS = NO;
				CLANG_ANALYZER_NONNULL = YES;
				CLANG_ANALYZER_NUMBER_OBJECT_CONVERSION = YES_AGGRESSIVE;
				CLANG_CXX_LANGUAGE_STANDARD = "gnu++17";
				CLANG_ENABLE_MODULES = YES;
				CLANG_ENABLE_OBJC_ARC = YES;
				CLANG_ENABLE_OBJC_WEAK = YES;
				CLANG_WARN_BLOCK_CAPTURE_AUTORELEASING = YES;
				CLANG_WARN_BOOL_CONVERSION = YES;
				CLANG_WARN_COMMA = YES;
				CLANG_WARN_CONSTANT_CONVERSION = YES;
				CLANG_WARN_DEPRECATED_OBJC_IMPLEMENTATIONS = YES;
				CLANG_WARN_DIRECT_OBJC_ISA_USAGE = YES_ERROR;
				CLANG_WARN_DOCUMENTATION_COMMENTS = YES;
				CLANG_WARN_EMPTY_BODY = YES;
				CLANG_WARN_ENUM_CONVERSION = YES;
				CLANG_WARN_INFINITE_RECURSION = YES;
				CLANG_WARN_INT_CONVERSION = YES;
				CLANG_WARN_NON_LITERAL_NULL_CONVERSION = YES;
				CLANG_WARN_OBJC_IMPLICIT_RETAIN_SELF = YES;
				CLANG_WARN_OBJC_LITERAL_CONVERSION = YES;
				CLANG_WARN_OBJC_ROOT_CLASS = YES_ERROR;
				CLANG_WARN_QUOTED_INCLUDE_IN_FRAMEWORK_HEADER = YES;
				CLANG_WARN_RANGE_LOOP_ANALYSIS = YES;
				CLANG_WARN_STRICT_PROTOTYPES = YES;
				CLANG_WARN_SUSPICIOUS_MOVE = YES;
				CLANG_WARN_UNGUARDED_AVAILABILITY = YES_AGGRESSIVE;
				CLANG_WARN_UNREACHABLE_CODE = YES;
				CLANG_WARN__DUPLICATE_METHOD_MATCH = YES;
				COPY_PHASE_STRIP = NO;
				DEBUG_INFORMATION_FORMAT = dwarf;
				ENABLE_STRICT_OBJC_MSGSEND = YES;
				ENABLE_TESTABILITY = YES;
				GCC_C_LANGUAGE_STANDARD = gnu11;
				GCC_DYNAMIC_NO_PIC = NO;
				GCC_NO_COMMON_BLOCKS = YES;
				GCC_OPTIMIZATION_LEVEL = 0;
				GCC_PREPROCESSOR_DEFINITIONS = (
					"DEBUG=1",
					"$(inherited)",
				);
				GCC_WARN_64_TO_32_BIT_CONVERSION = YES;
				GCC_WARN_ABOUT_RETURN_TYPE = YES_ERROR;
				GCC_WARN_UNDECLARED_SELECTOR = YES;
				GCC_WARN_UNINITIALIZED_AUTOS = YES_AGGRESSIVE;
				GCC_WARN_UNUSED_FUNCTION = YES;
				GCC_WARN_UNUSED_VARIABLE = YES;
				IPHONEOS_DEPLOYMENT_TARGET = 15.5;
				MTL_ENABLE_DEBUG_INFO = INCLUDE_SOURCE;
				MTL_FAST_MATH = YES;
				ONLY_ACTIVE_ARCH = YES;
				SDKROOT = iphoneos;
				SWIFT_ACTIVE_COMPILATION_CONDITIONS = DEBUG;
				SWIFT_OPTIMIZATION_LEVEL = "-Onone";
			};
			name = Debug;
		};
		8F0881CE28B2771A00734DCC /* Release */ = {
			isa = XCBuildConfiguration;
			buildSettings = {
				ALWAYS_SEARCH_USER_PATHS = NO;
				CLANG_ANALYZER_NONNULL = YES;
				CLANG_ANALYZER_NUMBER_OBJECT_CONVERSION = YES_AGGRESSIVE;
				CLANG_CXX_LANGUAGE_STANDARD = "gnu++17";
				CLANG_ENABLE_MODULES = YES;
				CLANG_ENABLE_OBJC_ARC = YES;
				CLANG_ENABLE_OBJC_WEAK = YES;
				CLANG_WARN_BLOCK_CAPTURE_AUTORELEASING = YES;
				CLANG_WARN_BOOL_CONVERSION = YES;
				CLANG_WARN_COMMA = YES;
				CLANG_WARN_CONSTANT_CONVERSION = YES;
				CLANG_WARN_DEPRECATED_OBJC_IMPLEMENTATIONS = YES;
				CLANG_WARN_DIRECT_OBJC_ISA_USAGE = YES_ERROR;
				CLANG_WARN_DOCUMENTATION_COMMENTS = YES;
				CLANG_WARN_EMPTY_BODY = YES;
				CLANG_WARN_ENUM_CONVERSION = YES;
				CLANG_WARN_INFINITE_RECURSION = YES;
				CLANG_WARN_INT_CONVERSION = YES;
				CLANG_WARN_NON_LITERAL_NULL_CONVERSION = YES;
				CLANG_WARN_OBJC_IMPLICIT_RETAIN_SELF = YES;
				CLANG_WARN_OBJC_LITERAL_CONVERSION = YES;
				CLANG_WARN_OBJC_ROOT_CLASS = YES_ERROR;
				CLANG_WARN_QUOTED_INCLUDE_IN_FRAMEWORK_HEADER = YES;
				CLANG_WARN_RANGE_LOOP_ANALYSIS = YES;
				CLANG_WARN_STRICT_PROTOTYPES = YES;
				CLANG_WARN_SUSPICIOUS_MOVE = YES;
				CLANG_WARN_UNGUARDED_AVAILABILITY = YES_AGGRESSIVE;
				CLANG_WARN_UNREACHABLE_CODE = YES;
				CLANG_WARN__DUPLICATE_METHOD_MATCH = YES;
				COPY_PHASE_STRIP = NO;
				DEBUG_INFORMATION_FORMAT = "dwarf-with-dsym";
				ENABLE_NS_ASSERTIONS = NO;
				ENABLE_STRICT_OBJC_MSGSEND = YES;
				GCC_C_LANGUAGE_STANDARD = gnu11;
				GCC_NO_COMMON_BLOCKS = YES;
				GCC_WARN_64_TO_32_BIT_CONVERSION = YES;
				GCC_WARN_ABOUT_RETURN_TYPE = YES_ERROR;
				GCC_WARN_UNDECLARED_SELECTOR = YES;
				GCC_WARN_UNINITIALIZED_AUTOS = YES_AGGRESSIVE;
				GCC_WARN_UNUSED_FUNCTION = YES;
				GCC_WARN_UNUSED_VARIABLE = YES;
				IPHONEOS_DEPLOYMENT_TARGET = 15.5;
				MTL_ENABLE_DEBUG_INFO = NO;
				MTL_FAST_MATH = YES;
				SDKROOT = iphoneos;
				SWIFT_COMPILATION_MODE = wholemodule;
				SWIFT_OPTIMIZATION_LEVEL = "-O";
				VALIDATE_PRODUCT = YES;
			};
			name = Release;
		};
		8F0881D028B2771A00734DCC /* Debug */ = {
			isa = XCBuildConfiguration;
			buildSettings = {
				ASSETCATALOG_COMPILER_APPICON_NAME = AppIcon;
				ASSETCATALOG_COMPILER_GLOBAL_ACCENT_COLOR_NAME = AccentColor;
				ASSETCATALOG_COMPILER_INCLUDE_ALL_APPICON_ASSETS = YES;
				CODE_SIGN_IDENTITY = "Apple Development";
				CODE_SIGN_STYLE = Automatic;
				CURRENT_PROJECT_VERSION = 1;
				DEVELOPMENT_ASSET_PATHS = "\"anagram-solver-ios/Preview Content\"";
				DEVELOPMENT_TEAM = XJZAMV56MK;
				ENABLE_PREVIEWS = YES;
				GENERATE_INFOPLIST_FILE = YES;
				INFOPLIST_KEY_CFBundleDisplayName = "Anagram Solver";
				INFOPLIST_KEY_UIApplicationSceneManifest_Generation = YES;
				INFOPLIST_KEY_UIApplicationSupportsIndirectInputEvents = YES;
				INFOPLIST_KEY_UILaunchScreen_Generation = YES;
				INFOPLIST_KEY_UISupportedInterfaceOrientations = UIInterfaceOrientationPortrait;
				INFOPLIST_KEY_UISupportedInterfaceOrientations_iPad = "UIInterfaceOrientationLandscapeLeft UIInterfaceOrientationLandscapeRight UIInterfaceOrientationPortrait UIInterfaceOrientationPortraitUpsideDown";
				LD_RUNPATH_SEARCH_PATHS = (
					"$(inherited)",
					"@executable_path/Frameworks",
				);
				MARKETING_VERSION = 1.1;
				PRODUCT_BUNDLE_IDENTIFIER = "witcombdevelopment.anagram-solver-ios";
				PRODUCT_NAME = "$(TARGET_NAME)";
				PROVISIONING_PROFILE_SPECIFIER = "";
				SUPPORTED_PLATFORMS = "iphoneos iphonesimulator";
				SUPPORTS_MACCATALYST = NO;
				SUPPORTS_MAC_DESIGNED_FOR_IPHONE_IPAD = NO;
				SWIFT_EMIT_LOC_STRINGS = YES;
				SWIFT_VERSION = 5.0;
				TARGETED_DEVICE_FAMILY = 1;
			};
			name = Debug;
		};
		8F0881D128B2771A00734DCC /* Release */ = {
			isa = XCBuildConfiguration;
			buildSettings = {
				ASSETCATALOG_COMPILER_APPICON_NAME = AppIcon;
				ASSETCATALOG_COMPILER_GLOBAL_ACCENT_COLOR_NAME = AccentColor;
				ASSETCATALOG_COMPILER_INCLUDE_ALL_APPICON_ASSETS = YES;
				CODE_SIGN_IDENTITY = "Apple Development";
				CODE_SIGN_STYLE = Automatic;
				CURRENT_PROJECT_VERSION = 1;
				DEVELOPMENT_ASSET_PATHS = "\"anagram-solver-ios/Preview Content\"";
				DEVELOPMENT_TEAM = XJZAMV56MK;
				ENABLE_PREVIEWS = YES;
				GENERATE_INFOPLIST_FILE = YES;
				INFOPLIST_KEY_CFBundleDisplayName = "Anagram Solver";
				INFOPLIST_KEY_UIApplicationSceneManifest_Generation = YES;
				INFOPLIST_KEY_UIApplicationSupportsIndirectInputEvents = YES;
				INFOPLIST_KEY_UILaunchScreen_Generation = YES;
				INFOPLIST_KEY_UISupportedInterfaceOrientations = UIInterfaceOrientationPortrait;
				INFOPLIST_KEY_UISupportedInterfaceOrientations_iPad = "UIInterfaceOrientationLandscapeLeft UIInterfaceOrientationLandscapeRight UIInterfaceOrientationPortrait UIInterfaceOrientationPortraitUpsideDown";
				LD_RUNPATH_SEARCH_PATHS = (
					"$(inherited)",
					"@executable_path/Frameworks",
				);
				MARKETING_VERSION = 1.1;
				PRODUCT_BUNDLE_IDENTIFIER = "witcombdevelopment.anagram-solver-ios";
				PRODUCT_NAME = "$(TARGET_NAME)";
				PROVISIONING_PROFILE_SPECIFIER = "";
				SUPPORTED_PLATFORMS = "iphoneos iphonesimulator";
				SUPPORTS_MACCATALYST = NO;
				SUPPORTS_MAC_DESIGNED_FOR_IPHONE_IPAD = NO;
				SWIFT_EMIT_LOC_STRINGS = YES;
				SWIFT_VERSION = 5.0;
				TARGETED_DEVICE_FAMILY = 1;
			};
			name = Release;
		};
		8F0881D328B2771A00734DCC /* Debug */ = {
			isa = XCBuildConfiguration;
			buildSettings = {
				ALWAYS_EMBED_SWIFT_STANDARD_LIBRARIES = YES;
				BUNDLE_LOADER = "$(TEST_HOST)";
				CODE_SIGN_STYLE = Automatic;
				CURRENT_PROJECT_VERSION = 1;
				DEVELOPMENT_TEAM = XJZAMV56MK;
				GENERATE_INFOPLIST_FILE = YES;
				IPHONEOS_DEPLOYMENT_TARGET = 15.5;
				MARKETING_VERSION = 1.0;
				PRODUCT_BUNDLE_IDENTIFIER = "witcombdevelopment.anagram-solver-iosTests";
				PRODUCT_NAME = "$(TARGET_NAME)";
				SWIFT_EMIT_LOC_STRINGS = NO;
				SWIFT_VERSION = 5.0;
				TARGETED_DEVICE_FAMILY = "1,2";
				TEST_HOST = "$(BUILT_PRODUCTS_DIR)/anagram-solver-ios.app/anagram-solver-ios";
			};
			name = Debug;
		};
		8F0881D428B2771A00734DCC /* Release */ = {
			isa = XCBuildConfiguration;
			buildSettings = {
				ALWAYS_EMBED_SWIFT_STANDARD_LIBRARIES = YES;
				BUNDLE_LOADER = "$(TEST_HOST)";
				CODE_SIGN_STYLE = Automatic;
				CURRENT_PROJECT_VERSION = 1;
				GENERATE_INFOPLIST_FILE = YES;
				IPHONEOS_DEPLOYMENT_TARGET = 15.5;
				MARKETING_VERSION = 1.0;
				PRODUCT_BUNDLE_IDENTIFIER = "witcombdevelopment.anagram-solver-iosTests";
				PRODUCT_NAME = "$(TARGET_NAME)";
				SWIFT_EMIT_LOC_STRINGS = NO;
				SWIFT_VERSION = 5.0;
				TARGETED_DEVICE_FAMILY = "1,2";
				TEST_HOST = "$(BUILT_PRODUCTS_DIR)/anagram-solver-ios.app/anagram-solver-ios";
			};
			name = Release;
		};
		8F0881D628B2771A00734DCC /* Debug */ = {
			isa = XCBuildConfiguration;
			buildSettings = {
				ALWAYS_EMBED_SWIFT_STANDARD_LIBRARIES = YES;
				CODE_SIGN_STYLE = Automatic;
				CURRENT_PROJECT_VERSION = 1;
				DEVELOPMENT_TEAM = XJZAMV56MK;
				GENERATE_INFOPLIST_FILE = YES;
				MARKETING_VERSION = 1.0;
				PRODUCT_BUNDLE_IDENTIFIER = "witcombdevelopment.anagram-solver-iosUITests";
				PRODUCT_NAME = "$(TARGET_NAME)";
				SWIFT_EMIT_LOC_STRINGS = NO;
				SWIFT_VERSION = 5.0;
				TARGETED_DEVICE_FAMILY = "1,2";
				TEST_TARGET_NAME = "anagram-solver-ios";
			};
			name = Debug;
		};
		8F0881D728B2771A00734DCC /* Release */ = {
			isa = XCBuildConfiguration;
			buildSettings = {
				ALWAYS_EMBED_SWIFT_STANDARD_LIBRARIES = YES;
				CODE_SIGN_STYLE = Automatic;
				CURRENT_PROJECT_VERSION = 1;
				GENERATE_INFOPLIST_FILE = YES;
				MARKETING_VERSION = 1.0;
				PRODUCT_BUNDLE_IDENTIFIER = "witcombdevelopment.anagram-solver-iosUITests";
				PRODUCT_NAME = "$(TARGET_NAME)";
				SWIFT_EMIT_LOC_STRINGS = NO;
				SWIFT_VERSION = 5.0;
				TARGETED_DEVICE_FAMILY = "1,2";
				TEST_TARGET_NAME = "anagram-solver-ios";
			};
			name = Release;
		};
/* End XCBuildConfiguration section */

/* Begin XCConfigurationList section */
		8F0881A628B2771700734DCC /* Build configuration list for PBXProject "anagram-solver-ios" */ = {
			isa = XCConfigurationList;
			buildConfigurations = (
				8F0881CD28B2771A00734DCC /* Debug */,
				8F0881CE28B2771A00734DCC /* Release */,
			);
			defaultConfigurationIsVisible = 0;
			defaultConfigurationName = Release;
		};
		8F0881CF28B2771A00734DCC /* Build configuration list for PBXNativeTarget "anagram-solver-ios" */ = {
			isa = XCConfigurationList;
			buildConfigurations = (
				8F0881D028B2771A00734DCC /* Debug */,
				8F0881D128B2771A00734DCC /* Release */,
			);
			defaultConfigurationIsVisible = 0;
			defaultConfigurationName = Release;
		};
		8F0881D228B2771A00734DCC /* Build configuration list for PBXNativeTarget "anagram-solver-iosTests" */ = {
			isa = XCConfigurationList;
			buildConfigurations = (
				8F0881D328B2771A00734DCC /* Debug */,
				8F0881D428B2771A00734DCC /* Release */,
			);
			defaultConfigurationIsVisible = 0;
			defaultConfigurationName = Release;
		};
		8F0881D528B2771A00734DCC /* Build configuration list for PBXNativeTarget "anagram-solver-iosUITests" */ = {
			isa = XCConfigurationList;
			buildConfigurations = (
				8F0881D628B2771A00734DCC /* Debug */,
				8F0881D728B2771A00734DCC /* Release */,
			);
			defaultConfigurationIsVisible = 0;
			defaultConfigurationName = Release;
		};
/* End XCConfigurationList section */
	};
	rootObject = 8F0881A328B2771700734DCC /* Project object */;
}
